
Microsoft Visual Studio Solution File, Format Version 12.00
# Visual Studio 15
VisualStudioVersion = 15.0.28307.539
MinimumVisualStudioVersion = 10.0.40219.1
Project("{9A19103F-16F7-4668-BE54-9A1E7A4F7556}") = "FantasyRestServer", "FantasyRestServer\FantasyRestServer.csproj", "{2A5BFFB8-278A-4156-BDD6-1C07D42E03D2}"
EndProject
Project("{FAE04EC0-301F-11D3-BF4B-00C04F79EFBC}") = "FantasyXUnitTest", "FantasyXUnitTest\FantasyXUnitTest.csproj", "{ECA51A50-4D43-4ACF-997B-14E86349D6A4}"
EndProject
Global
	GlobalSection(SolutionConfigurationPlatforms) = preSolution
		Debug|Any CPU = Debug|Any CPU
		Release|Any CPU = Release|Any CPU
	EndGlobalSection
	GlobalSection(ProjectConfigurationPlatforms) = postSolution
		{2A5BFFB8-278A-4156-BDD6-1C07D42E03D2}.Debug|Any CPU.ActiveCfg = Debug|Any CPU
		{2A5BFFB8-278A-4156-BDD6-1C07D42E03D2}.Debug|Any CPU.Build.0 = Debug|Any CPU
		{2A5BFFB8-278A-4156-BDD6-1C07D42E03D2}.Release|Any CPU.ActiveCfg = Release|Any CPU
		{2A5BFFB8-278A-4156-BDD6-1C07D42E03D2}.Release|Any CPU.Build.0 = Release|Any CPU
		{ECA51A50-4D43-4ACF-997B-14E86349D6A4}.Debug|Any CPU.ActiveCfg = Debug|Any CPU
		{ECA51A50-4D43-4ACF-997B-14E86349D6A4}.Debug|Any CPU.Build.0 = Debug|Any CPU
		{ECA51A50-4D43-4ACF-997B-14E86349D6A4}.Release|Any CPU.ActiveCfg = Release|Any CPU
		{ECA51A50-4D43-4ACF-997B-14E86349D6A4}.Release|Any CPU.Build.0 = Release|Any CPU
	EndGlobalSection
	GlobalSection(SolutionProperties) = preSolution
		HideSolutionNode = FALSE
	EndGlobalSection
	GlobalSection(ExtensibilityGlobals) = postSolution
		SolutionGuid = {6E82A484-A011-49D6-86CC-FCD249345A13}
	EndGlobalSection
EndGlobal
